
Microsoft Visual Studio Solution File, Format Version 12.00
# Visual Studio Version 16
VisualStudioVersion = 16.0.30225.117
MinimumVisualStudioVersion = 10.0.40219.1
Project("{FAE04EC0-301F-11D3-BF4B-00C04F79EFBC}") = "ModelGraph", "ModelGraph\ModelGraph.csproj", "{FDDD8ECF-2D61-4EA8-BBCD-6EE22E48A563}"
EndProject
Project("{FAE04EC0-301F-11D3-BF4B-00C04F79EFBC}") = "ModelGraph.Tests.xUnit", "ModelGraph.Tests.xUnit\ModelGraph.Tests.xUnit.csproj", "{D5F7CBD8-5A47-4EC4-AD72-37D9A2299562}"
EndProject
Project("{9A19103F-16F7-4668-BE54-9A1E7A4F7556}") = "ModelGraph.Core", "ModelGraph.Core\ModelGraph.Core.csproj", "{E1B08DB8-FE31-481B-A09A-7C68737CE90B}"
EndProject
Project("{FAE04EC0-301F-11D3-BF4B-00C04F79EFBC}") = "TestNewVerionOfTemplateStudio", "TestNewVerionOfTemplateStudio\TestNewVerionOfTemplateStudio.csproj", "{971F04F4-31D7-42AD-B66E-64346F13CFB0}"
EndProject
Project("{9A19103F-16F7-4668-BE54-9A1E7A4F7556}") = "TestNewVerionOfTemplateStudio.Core", "TestNewVerionOfTemplateStudio.Core\TestNewVerionOfTemplateStudio.Core.csproj", "{615A03C3-9BD8-4477-8398-7479D9CFB826}"
EndProject
Global
	GlobalSection(SolutionConfigurationPlatforms) = preSolution
		Debug|Any CPU = Debug|Any CPU
		Debug|ARM = Debug|ARM
		Debug|ARM64 = Debug|ARM64
		Debug|x64 = Debug|x64
		Debug|x86 = Debug|x86
		Release|Any CPU = Release|Any CPU
		Release|ARM = Release|ARM
		Release|ARM64 = Release|ARM64
		Release|x64 = Release|x64
		Release|x86 = Release|x86
	EndGlobalSection
	GlobalSection(ProjectConfigurationPlatforms) = postSolution
		{FDDD8ECF-2D61-4EA8-BBCD-6EE22E48A563}.Debug|Any CPU.ActiveCfg = Debug|x86
		{FDDD8ECF-2D61-4EA8-BBCD-6EE22E48A563}.Debug|ARM.ActiveCfg = Debug|ARM
		{FDDD8ECF-2D61-4EA8-BBCD-6EE22E48A563}.Debug|ARM.Build.0 = Debug|ARM
		{FDDD8ECF-2D61-4EA8-BBCD-6EE22E48A563}.Debug|ARM.Deploy.0 = Debug|ARM
		{FDDD8ECF-2D61-4EA8-BBCD-6EE22E48A563}.Debug|ARM64.ActiveCfg = Debug|ARM64
		{FDDD8ECF-2D61-4EA8-BBCD-6EE22E48A563}.Debug|ARM64.Build.0 = Debug|ARM64
		{FDDD8ECF-2D61-4EA8-BBCD-6EE22E48A563}.Debug|ARM64.Deploy.0 = Debug|ARM64
		{FDDD8ECF-2D61-4EA8-BBCD-6EE22E48A563}.Debug|x64.ActiveCfg = Debug|x64
		{FDDD8ECF-2D61-4EA8-BBCD-6EE22E48A563}.Debug|x64.Build.0 = Debug|x64
		{FDDD8ECF-2D61-4EA8-BBCD-6EE22E48A563}.Debug|x64.Deploy.0 = Debug|x64
		{FDDD8ECF-2D61-4EA8-BBCD-6EE22E48A563}.Debug|x86.ActiveCfg = Debug|x86
		{FDDD8ECF-2D61-4EA8-BBCD-6EE22E48A563}.Debug|x86.Build.0 = Debug|x86
		{FDDD8ECF-2D61-4EA8-BBCD-6EE22E48A563}.Debug|x86.Deploy.0 = Debug|x86
		{FDDD8ECF-2D61-4EA8-BBCD-6EE22E48A563}.Release|Any CPU.ActiveCfg = Release|x86
		{FDDD8ECF-2D61-4EA8-BBCD-6EE22E48A563}.Release|ARM.ActiveCfg = Release|ARM
		{FDDD8ECF-2D61-4EA8-BBCD-6EE22E48A563}.Release|ARM.Build.0 = Release|ARM
		{FDDD8ECF-2D61-4EA8-BBCD-6EE22E48A563}.Release|ARM.Deploy.0 = Release|ARM
		{FDDD8ECF-2D61-4EA8-BBCD-6EE22E48A563}.Release|ARM64.ActiveCfg = Release|ARM64
		{FDDD8ECF-2D61-4EA8-BBCD-6EE22E48A563}.Release|ARM64.Build.0 = Release|ARM64
		{FDDD8ECF-2D61-4EA8-BBCD-6EE22E48A563}.Release|ARM64.Deploy.0 = Release|ARM64
		{FDDD8ECF-2D61-4EA8-BBCD-6EE22E48A563}.Release|x64.ActiveCfg = Release|x64
		{FDDD8ECF-2D61-4EA8-BBCD-6EE22E48A563}.Release|x64.Build.0 = Release|x64
		{FDDD8ECF-2D61-4EA8-BBCD-6EE22E48A563}.Release|x64.Deploy.0 = Release|x64
		{FDDD8ECF-2D61-4EA8-BBCD-6EE22E48A563}.Release|x86.ActiveCfg = Release|x86
		{FDDD8ECF-2D61-4EA8-BBCD-6EE22E48A563}.Release|x86.Build.0 = Release|x86
		{FDDD8ECF-2D61-4EA8-BBCD-6EE22E48A563}.Release|x86.Deploy.0 = Release|x86
		{D5F7CBD8-5A47-4EC4-AD72-37D9A2299562}.Debug|Any CPU.ActiveCfg = Debug|x86
		{D5F7CBD8-5A47-4EC4-AD72-37D9A2299562}.Debug|ARM.ActiveCfg = Debug|ARM
		{D5F7CBD8-5A47-4EC4-AD72-37D9A2299562}.Debug|ARM.Build.0 = Debug|ARM
		{D5F7CBD8-5A47-4EC4-AD72-37D9A2299562}.Debug|ARM.Deploy.0 = Debug|ARM
		{D5F7CBD8-5A47-4EC4-AD72-37D9A2299562}.Debug|ARM64.ActiveCfg = Debug|x86
		{D5F7CBD8-5A47-4EC4-AD72-37D9A2299562}.Debug|x64.ActiveCfg = Debug|x64
		{D5F7CBD8-5A47-4EC4-AD72-37D9A2299562}.Debug|x64.Build.0 = Debug|x64
		{D5F7CBD8-5A47-4EC4-AD72-37D9A2299562}.Debug|x64.Deploy.0 = Debug|x64
		{D5F7CBD8-5A47-4EC4-AD72-37D9A2299562}.Debug|x86.ActiveCfg = Debug|x86
		{D5F7CBD8-5A47-4EC4-AD72-37D9A2299562}.Debug|x86.Build.0 = Debug|x86
		{D5F7CBD8-5A47-4EC4-AD72-37D9A2299562}.Debug|x86.Deploy.0 = Debug|x86
		{D5F7CBD8-5A47-4EC4-AD72-37D9A2299562}.Release|Any CPU.ActiveCfg = Release|x86
		{D5F7CBD8-5A47-4EC4-AD72-37D9A2299562}.Release|ARM.ActiveCfg = Release|ARM
		{D5F7CBD8-5A47-4EC4-AD72-37D9A2299562}.Release|ARM.Build.0 = Release|ARM
		{D5F7CBD8-5A47-4EC4-AD72-37D9A2299562}.Release|ARM.Deploy.0 = Release|ARM
		{D5F7CBD8-5A47-4EC4-AD72-37D9A2299562}.Release|ARM64.ActiveCfg = Release|x86
		{D5F7CBD8-5A47-4EC4-AD72-37D9A2299562}.Release|x64.ActiveCfg = Release|x64
		{D5F7CBD8-5A47-4EC4-AD72-37D9A2299562}.Release|x64.Build.0 = Release|x64
		{D5F7CBD8-5A47-4EC4-AD72-37D9A2299562}.Release|x64.Deploy.0 = Release|x64
		{D5F7CBD8-5A47-4EC4-AD72-37D9A2299562}.Release|x86.ActiveCfg = Release|x86
		{D5F7CBD8-5A47-4EC4-AD72-37D9A2299562}.Release|x86.Build.0 = Release|x86
		{D5F7CBD8-5A47-4EC4-AD72-37D9A2299562}.Release|x86.Deploy.0 = Release|x86
		{E1B08DB8-FE31-481B-A09A-7C68737CE90B}.Debug|Any CPU.ActiveCfg = Debug|Any CPU
		{E1B08DB8-FE31-481B-A09A-7C68737CE90B}.Debug|Any CPU.Build.0 = Debug|Any CPU
		{E1B08DB8-FE31-481B-A09A-7C68737CE90B}.Debug|ARM.ActiveCfg = Debug|Any CPU
		{E1B08DB8-FE31-481B-A09A-7C68737CE90B}.Debug|ARM.Build.0 = Debug|Any CPU
		{E1B08DB8-FE31-481B-A09A-7C68737CE90B}.Debug|ARM64.ActiveCfg = Debug|Any CPU
		{E1B08DB8-FE31-481B-A09A-7C68737CE90B}.Debug|ARM64.Build.0 = Debug|Any CPU
		{E1B08DB8-FE31-481B-A09A-7C68737CE90B}.Debug|x64.ActiveCfg = Debug|Any CPU
		{E1B08DB8-FE31-481B-A09A-7C68737CE90B}.Debug|x64.Build.0 = Debug|Any CPU
		{E1B08DB8-FE31-481B-A09A-7C68737CE90B}.Debug|x86.ActiveCfg = Debug|Any CPU
		{E1B08DB8-FE31-481B-A09A-7C68737CE90B}.Debug|x86.Build.0 = Debug|Any CPU
		{E1B08DB8-FE31-481B-A09A-7C68737CE90B}.Release|Any CPU.ActiveCfg = Release|Any CPU
		{E1B08DB8-FE31-481B-A09A-7C68737CE90B}.Release|Any CPU.Build.0 = Release|Any CPU
		{E1B08DB8-FE31-481B-A09A-7C68737CE90B}.Release|ARM.ActiveCfg = Release|Any CPU
		{E1B08DB8-FE31-481B-A09A-7C68737CE90B}.Release|ARM.Build.0 = Release|Any CPU
		{E1B08DB8-FE31-481B-A09A-7C68737CE90B}.Release|ARM64.ActiveCfg = Release|Any CPU
		{E1B08DB8-FE31-481B-A09A-7C68737CE90B}.Release|ARM64.Build.0 = Release|Any CPU
		{E1B08DB8-FE31-481B-A09A-7C68737CE90B}.Release|x64.ActiveCfg = Release|Any CPU
		{E1B08DB8-FE31-481B-A09A-7C68737CE90B}.Release|x64.Build.0 = Release|Any CPU
		{E1B08DB8-FE31-481B-A09A-7C68737CE90B}.Release|x86.ActiveCfg = Release|Any CPU
		{E1B08DB8-FE31-481B-A09A-7C68737CE90B}.Release|x86.Build.0 = Release|Any CPU
		{971F04F4-31D7-42AD-B66E-64346F13CFB0}.Debug|Any CPU.ActiveCfg = Debug|x86
		{971F04F4-31D7-42AD-B66E-64346F13CFB0}.Debug|ARM.ActiveCfg = Debug|ARM
		{971F04F4-31D7-42AD-B66E-64346F13CFB0}.Debug|ARM.Build.0 = Debug|ARM
		{971F04F4-31D7-42AD-B66E-64346F13CFB0}.Debug|ARM.Deploy.0 = Debug|ARM
		{971F04F4-31D7-42AD-B66E-64346F13CFB0}.Debug|ARM64.ActiveCfg = Debug|ARM64
		{971F04F4-31D7-42AD-B66E-64346F13CFB0}.Debug|ARM64.Build.0 = Debug|ARM64
		{971F04F4-31D7-42AD-B66E-64346F13CFB0}.Debug|ARM64.Deploy.0 = Debug|ARM64
		{971F04F4-31D7-42AD-B66E-64346F13CFB0}.Debug|x64.ActiveCfg = Debug|x64
		{971F04F4-31D7-42AD-B66E-64346F13CFB0}.Debug|x64.Build.0 = Debug|x64
		{971F04F4-31D7-42AD-B66E-64346F13CFB0}.Debug|x64.Deploy.0 = Debug|x64
		{971F04F4-31D7-42AD-B66E-64346F13CFB0}.Debug|x86.ActiveCfg = Debug|x86
		{971F04F4-31D7-42AD-B66E-64346F13CFB0}.Debug|x86.Build.0 = Debug|x86
		{971F04F4-31D7-42AD-B66E-64346F13CFB0}.Debug|x86.Deploy.0 = Debug|x86
		{971F04F4-31D7-42AD-B66E-64346F13CFB0}.Release|Any CPU.ActiveCfg = Release|x86
		{971F04F4-31D7-42AD-B66E-64346F13CFB0}.Release|ARM.ActiveCfg = Release|ARM
		{971F04F4-31D7-42AD-B66E-64346F13CFB0}.Release|ARM.Build.0 = Release|ARM
		{971F04F4-31D7-42AD-B66E-64346F13CFB0}.Release|ARM.Deploy.0 = Release|ARM
		{971F04F4-31D7-42AD-B66E-64346F13CFB0}.Release|ARM64.ActiveCfg = Release|ARM64
		{971F04F4-31D7-42AD-B66E-64346F13CFB0}.Release|ARM64.Build.0 = Release|ARM64
		{971F04F4-31D7-42AD-B66E-64346F13CFB0}.Release|ARM64.Deploy.0 = Release|ARM64
		{971F04F4-31D7-42AD-B66E-64346F13CFB0}.Release|x64.ActiveCfg = Release|x64
		{971F04F4-31D7-42AD-B66E-64346F13CFB0}.Release|x64.Build.0 = Release|x64
		{971F04F4-31D7-42AD-B66E-64346F13CFB0}.Release|x64.Deploy.0 = Release|x64
		{971F04F4-31D7-42AD-B66E-64346F13CFB0}.Release|x86.ActiveCfg = Release|x86
		{971F04F4-31D7-42AD-B66E-64346F13CFB0}.Release|x86.Build.0 = Release|x86
		{971F04F4-31D7-42AD-B66E-64346F13CFB0}.Release|x86.Deploy.0 = Release|x86
		{615A03C3-9BD8-4477-8398-7479D9CFB826}.Debug|Any CPU.ActiveCfg = Debug|Any CPU
		{615A03C3-9BD8-4477-8398-7479D9CFB826}.Debug|Any CPU.Build.0 = Debug|Any CPU
		{615A03C3-9BD8-4477-8398-7479D9CFB826}.Debug|ARM.ActiveCfg = Debug|Any CPU
		{615A03C3-9BD8-4477-8398-7479D9CFB826}.Debug|ARM.Build.0 = Debug|Any CPU
		{615A03C3-9BD8-4477-8398-7479D9CFB826}.Debug|ARM64.ActiveCfg = Debug|Any CPU
		{615A03C3-9BD8-4477-8398-7479D9CFB826}.Debug|ARM64.Build.0 = Debug|Any CPU
		{615A03C3-9BD8-4477-8398-7479D9CFB826}.Debug|x64.ActiveCfg = Debug|Any CPU
		{615A03C3-9BD8-4477-8398-7479D9CFB826}.Debug|x64.Build.0 = Debug|Any CPU
		{615A03C3-9BD8-4477-8398-7479D9CFB826}.Debug|x86.ActiveCfg = Debug|Any CPU
		{615A03C3-9BD8-4477-8398-7479D9CFB826}.Debug|x86.Build.0 = Debug|Any CPU
		{615A03C3-9BD8-4477-8398-7479D9CFB826}.Release|Any CPU.ActiveCfg = Release|Any CPU
		{615A03C3-9BD8-4477-8398-7479D9CFB826}.Release|Any CPU.Build.0 = Release|Any CPU
		{615A03C3-9BD8-4477-8398-7479D9CFB826}.Release|ARM.ActiveCfg = Release|Any CPU
		{615A03C3-9BD8-4477-8398-7479D9CFB826}.Release|ARM.Build.0 = Release|Any CPU
		{615A03C3-9BD8-4477-8398-7479D9CFB826}.Release|ARM64.ActiveCfg = Release|Any CPU
		{615A03C3-9BD8-4477-8398-7479D9CFB826}.Release|ARM64.Build.0 = Release|Any CPU
		{615A03C3-9BD8-4477-8398-7479D9CFB826}.Release|x64.ActiveCfg = Release|Any CPU
		{615A03C3-9BD8-4477-8398-7479D9CFB826}.Release|x64.Build.0 = Release|Any CPU
		{615A03C3-9BD8-4477-8398-7479D9CFB826}.Release|x86.ActiveCfg = Release|Any CPU
		{615A03C3-9BD8-4477-8398-7479D9CFB826}.Release|x86.Build.0 = Release|Any CPU
	EndGlobalSection
	GlobalSection(SolutionProperties) = preSolution
		HideSolutionNode = FALSE
	EndGlobalSection
	GlobalSection(ExtensibilityGlobals) = postSolution
		SolutionGuid = {D5FC0E92-54DD-41E7-86E1-FA69F8AF57C5}
	EndGlobalSection
EndGlobal
