<?xml version="1.0" encoding="utf-8"?>
<Project ToolsVersion="4.0" xmlns="http://schemas.microsoft.com/developer/msbuild/2003">
  <ItemGroup>
    <Filter Include="Source Files">
      <UniqueIdentifier>{4FC737F1-C7A5-4376-A066-2A32D752A2FF}</UniqueIdentifier>
      <Extensions>cpp;c;cc;cxx;c++;cppm;ixx;def;odl;idl;hpj;bat;asm;asmx</Extensions>
    </Filter>
    <Filter Include="Header Files">
      <UniqueIdentifier>{93995380-89BD-4b04-88EB-625FBE52EBFB}</UniqueIdentifier>
      <Extensions>h;hh;hpp;hxx;h++;hm;inl;inc;ipp;xsd</Extensions>
    </Filter>
    <Filter Include="Resource Files">
      <UniqueIdentifier>{67DA6AB6-F800-4c08-8B7A-83BB121AAD01}</UniqueIdentifier>
      <Extensions>rc;ico;cur;bmp;dlg;rc2;rct;bin;rgs;gif;jpg;jpeg;jpe;resx;tiff;tif;png;wav;mfcribbon-ms</Extensions>
    </Filter>
  </ItemGroup>
  <ItemGroup>
    <ClCompile Include="ModelGraph.Cursor.cpp">
      <Filter>Source Files</Filter>
    </ClCompile>
  </ItemGroup>
  <ItemGroup>
    <ClInclude Include="resource.h">
      <Filter>Header Files</Filter>
    </ClInclude>
  </ItemGroup>
  <ItemGroup>
    <ResourceCompile Include="Resource.rc">
      <Filter>Resource Files</Filter>
    </ResourceCompile>
  </ItemGroup>
  <ItemGroup>
    <None Include="pointer01.cur">
      <Filter>Resource Files</Filter>
    </None>
    <None Include="pointer02.cur">
      <Filter>Resource Files</Filter>
    </None>
    <None Include="pointer03.cur">
      <Filter>Resource Files</Filter>
    </None>
    <None Include="pointer04.cur">
      <Filter>Resource Files</Filter>
    </None>
    <None Include="pointer05.cur">
      <Filter>Resource Files</Filter>
    </None>
    <None Include="pointer06.cur">
      <Filter>Resource Files</Filter>
    </None>
    <None Include="pointer07.cur">
      <Filter>Resource Files</Filter>
    </None>
    <None Include="pointer08.cur">
      <Filter>Resource Files</Filter>
    </None>
    <None Include="pointer09.cur">
      <Filter>Resource Files</Filter>
    </None>
    <None Include="pointer10.cur">
      <Filter>Resource Files</Filter>
    </None>
    <None Include="pointer11.cur">
      <Filter>Resource Files</Filter>
    </None>
    <None Include="pointer12.cur">
      <Filter>Resource Files</Filter>
    </None>
    <None Include="pointer13.cur">
      <Filter>Resource Files</Filter>
    </None>
    <None Include="pointer14.cur">
      <Filter>Resource Files</Filter>
    </None>
    <None Include="pointer15.cur">
      <Filter>Resource Files</Filter>
    </None>
    <None Include="pointer16.cur">
      <Filter>Resource Files</Filter>
    </None>
    <None Include="pointer17.cur">
      <Filter>Resource Files</Filter>
    </None>
    <None Include="pointer18.cur">
      <Filter>Resource Files</Filter>
    </None>
    <None Include="pointer19.cur">
      <Filter>Resource Files</Filter>
    </None>
    <None Include="pointer20.cur">
      <Filter>Resource Files</Filter>
    </None>
    <None Include="pointer21.cur">
      <Filter>Resource Files</Filter>
    </None>
    <None Include="pointer22.cur">
      <Filter>Resource Files</Filter>
    </None>
    <None Include="pointer23.cur">
      <Filter>Resource Files</Filter>
    </None>
    <None Include="pointer24.cur">
      <Filter>Resource Files</Filter>
    </None>
    <None Include="pointer25.cur">
      <Filter>Resource Files</Filter>
    </None>
    <None Include="pointer26.cur">
      <Filter>Resource Files</Filter>
    </None>
    <None Include="pointer27.cur">
      <Filter>Resource Files</Filter>
    </None>
    <None Include="pointer28.cur">
      <Filter>Resource Files</Filter>
    </None>
    <None Include="pointer29.cur">
      <Filter>Resource Files</Filter>
    </None>
    <None Include="pointer30.cur">
      <Filter>Resource Files</Filter>
    </None>
    <None Include="pointer31.cur">
      <Filter>Resource Files</Filter>
    </None>
    <None Include="pointer32.cur">
      <Filter>Resource Files</Filter>
    </None>
    <None Include="pointer33.cur">
      <Filter>Resource Files</Filter>
    </None>
    <None Include="pointer34.cur">
      <Filter>Resource Files</Filter>
    </None>
    <None Include="pointer35.cur">
      <Filter>Resource Files</Filter>
    </None>
    <None Include="pointer36.cur">
      <Filter>Resource Files</Filter>
    </None>
    <None Include="pointer37.cur">
      <Filter>Resource Files</Filter>
    </None>
    <None Include="pointer38.cur">
      <Filter>Resource Files</Filter>
    </None>
    <None Include="pointer39.cur">
      <Filter>Resource Files</Filter>
    </None>
    <None Include="pointer40.cur">
      <Filter>Resource Files</Filter>
    </None>
    <None Include="pointer41.cur">
      <Filter>Resource Files</Filter>
    </None>
    <None Include="pointer42.cur">
      <Filter>Resource Files</Filter>
    </None>
    <None Include="pointer43.cur">
      <Filter>Resource Files</Filter>
    </None>
    <None Include="pointer44.cur">
      <Filter>Resource Files</Filter>
    </None>
    <None Include="pointer45.cur">
      <Filter>Resource Files</Filter>
    </None>
    <None Include="pointer46.cur">
      <Filter>Resource Files</Filter>
    </None>
    <None Include="pointer47.cur">
      <Filter>Resource Files</Filter>
    </None>
    <None Include="pointer48.cur">
      <Filter>Resource Files</Filter>
    </None>
    <None Include="pointer49.cur">
      <Filter>Resource Files</Filter>
    </None>
    <None Include="pointer50.cur">
      <Filter>Resource Files</Filter>
    </None>
    <None Include="pointer51.cur">
      <Filter>Resource Files</Filter>
    </None>
    <None Include="pointer52.cur">
      <Filter>Resource Files</Filter>
    </None>
    <None Include="pointer53.cur">
      <Filter>Resource Files</Filter>
    </None>
  </ItemGroup>
</Project>